
Microsoft Visual Studio Solution File, Format Version 12.00
Project("{FAE04EC0-301F-11D3-BF4B-00C04F79EFBC}") = "Viridian.Demo.Informix", "Viridian.Demo.Informix\Viridian.Demo.Informix.csproj", "{55DD2E5A-BD1B-4391-AEDF-77F05F4B9EA4}"
EndProject
Global
	GlobalSection(SolutionConfigurationPlatforms) = preSolution
		Debug|Any CPU = Debug|Any CPU
		Release|Any CPU = Release|Any CPU
	EndGlobalSection
	GlobalSection(ProjectConfigurationPlatforms) = postSolution
		{55DD2E5A-BD1B-4391-AEDF-77F05F4B9EA4}.Debug|Any CPU.ActiveCfg = Debug|Any CPU
		{55DD2E5A-BD1B-4391-AEDF-77F05F4B9EA4}.Debug|Any CPU.Build.0 = Debug|Any CPU
		{55DD2E5A-BD1B-4391-AEDF-77F05F4B9EA4}.Release|Any CPU.ActiveCfg = Release|Any CPU
		{55DD2E5A-BD1B-4391-AEDF-77F05F4B9EA4}.Release|Any CPU.Build.0 = Release|Any CPU
	EndGlobalSection
EndGlobal
